
Microsoft Visual Studio Solution File, Format Version 12.00
# Visual Studio Version 16
VisualStudioVersion = 16.0.30611.23
MinimumVisualStudioVersion = 10.0.40219.1
Project("{9A19103F-16F7-4668-BE54-9A1E7A4F7556}") = "SupportApp", "SupportApp\SupportApp.csproj", "{87A5B656-5940-4B8B-A545-15B6F7476CEC}"
EndProject
Project("{FAE04EC0-301F-11D3-BF4B-00C04F79EFBC}") = "XunitTests", "XunitTests\XunitTests.csproj", "{FED5303A-F60C-41AA-B729-7102ADF5658B}"
EndProject
Global
	GlobalSection(SolutionConfigurationPlatforms) = preSolution
		Debug|Any CPU = Debug|Any CPU
		Release|Any CPU = Release|Any CPU
	EndGlobalSection
	GlobalSection(ProjectConfigurationPlatforms) = postSolution
		{87A5B656-5940-4B8B-A545-15B6F7476CEC}.Debug|Any CPU.ActiveCfg = Debug|Any CPU
		{87A5B656-5940-4B8B-A545-15B6F7476CEC}.Debug|Any CPU.Build.0 = Debug|Any CPU
		{87A5B656-5940-4B8B-A545-15B6F7476CEC}.Release|Any CPU.ActiveCfg = Release|Any CPU
		{87A5B656-5940-4B8B-A545-15B6F7476CEC}.Release|Any CPU.Build.0 = Release|Any CPU
		{FED5303A-F60C-41AA-B729-7102ADF5658B}.Debug|Any CPU.ActiveCfg = Debug|Any CPU
		{FED5303A-F60C-41AA-B729-7102ADF5658B}.Debug|Any CPU.Build.0 = Debug|Any CPU
		{FED5303A-F60C-41AA-B729-7102ADF5658B}.Release|Any CPU.ActiveCfg = Release|Any CPU
		{FED5303A-F60C-41AA-B729-7102ADF5658B}.Release|Any CPU.Build.0 = Release|Any CPU
	EndGlobalSection
	GlobalSection(SolutionProperties) = preSolution
		HideSolutionNode = FALSE
	EndGlobalSection
	GlobalSection(ExtensibilityGlobals) = postSolution
		SolutionGuid = {45B66F8B-C546-4AE8-B22E-A2E6CAA788D4}
	EndGlobalSection
EndGlobal
